
Microsoft Visual Studio Solution File, Format Version 12.00
# Visual Studio Version 16
VisualStudioVersion = 16.0.31112.23
MinimumVisualStudioVersion = 10.0.40219.1
Project("{FAE04EC0-301F-11D3-BF4B-00C04F79EFBC}") = "Savas.Desktop", "Savas2\Savas.Desktop.csproj", "{38D0D958-C109-460E-94C2-465D0C8A5804}"
EndProject
Project("{FAE04EC0-301F-11D3-BF4B-00C04F79EFBC}") = "Savas.Library", "Savas.Library\Savas.Library.csproj", "{496915AB-5278-4950-9E54-2C03799EBFED}"
EndProject
Global
	GlobalSection(SolutionConfigurationPlatforms) = preSolution
		Debug|Any CPU = Debug|Any CPU
		Release|Any CPU = Release|Any CPU
	EndGlobalSection
	GlobalSection(ProjectConfigurationPlatforms) = postSolution
		{38D0D958-C109-460E-94C2-465D0C8A5804}.Debug|Any CPU.ActiveCfg = Debug|Any CPU
		{38D0D958-C109-460E-94C2-465D0C8A5804}.Debug|Any CPU.Build.0 = Debug|Any CPU
		{38D0D958-C109-460E-94C2-465D0C8A5804}.Release|Any CPU.ActiveCfg = Release|Any CPU
		{38D0D958-C109-460E-94C2-465D0C8A5804}.Release|Any CPU.Build.0 = Release|Any CPU
		{496915AB-5278-4950-9E54-2C03799EBFED}.Debug|Any CPU.ActiveCfg = Debug|Any CPU
		{496915AB-5278-4950-9E54-2C03799EBFED}.Debug|Any CPU.Build.0 = Debug|Any CPU
		{496915AB-5278-4950-9E54-2C03799EBFED}.Release|Any CPU.ActiveCfg = Release|Any CPU
		{496915AB-5278-4950-9E54-2C03799EBFED}.Release|Any CPU.Build.0 = Release|Any CPU
	EndGlobalSection
	GlobalSection(SolutionProperties) = preSolution
		HideSolutionNode = FALSE
	EndGlobalSection
	GlobalSection(ExtensibilityGlobals) = postSolution
		SolutionGuid = {4FD3BC19-0F4D-4E9E-BDDE-77D5A5B9EE64}
	EndGlobalSection
EndGlobal
